
Microsoft Visual Studio Solution File, Format Version 12.00
# Visual Studio Version 16
VisualStudioVersion = 16.0.32228.343
MinimumVisualStudioVersion = 10.0.40219.1
Project("{FAE04EC0-301F-11D3-BF4B-00C04F79EFBC}") = "Система проверки знаний", "Система проверки знаний\Система проверки знаний.csproj", "{3C7ED4F8-E044-496D-B864-616517F84DCC}"
EndProject
Global
	GlobalSection(SolutionConfigurationPlatforms) = preSolution
		Debug|Any CPU = Debug|Any CPU
		Release|Any CPU = Release|Any CPU
	EndGlobalSection
	GlobalSection(ProjectConfigurationPlatforms) = postSolution
		{3C7ED4F8-E044-496D-B864-616517F84DCC}.Debug|Any CPU.ActiveCfg = Debug|Any CPU
		{3C7ED4F8-E044-496D-B864-616517F84DCC}.Debug|Any CPU.Build.0 = Debug|Any CPU
		{3C7ED4F8-E044-496D-B864-616517F84DCC}.Release|Any CPU.ActiveCfg = Release|Any CPU
		{3C7ED4F8-E044-496D-B864-616517F84DCC}.Release|Any CPU.Build.0 = Release|Any CPU
	EndGlobalSection
	GlobalSection(SolutionProperties) = preSolution
		HideSolutionNode = FALSE
	EndGlobalSection
	GlobalSection(ExtensibilityGlobals) = postSolution
		SolutionGuid = {A925E20F-8A28-45DA-93C8-122674FF2E14}
	EndGlobalSection
EndGlobal
